
Microsoft Visual Studio Solution File, Format Version 12.00
# Visual Studio Version 17
VisualStudioVersion = 17.14.36408.4 d17.14
MinimumVisualStudioVersion = 10.0.40219.1
Project("{FAE04EC0-301F-11D3-BF4B-00C04F79EFBC}") = "Actividades", "Actividad_2_2_26\Actividades.csproj", "{E8D83626-62CD-42C4-98F1-F83650E5497D}"
EndProject
Global
	GlobalSection(SolutionConfigurationPlatforms) = preSolution
		Debug|Any CPU = Debug|Any CPU
		Release|Any CPU = Release|Any CPU
	EndGlobalSection
	GlobalSection(ProjectConfigurationPlatforms) = postSolution
		{E8D83626-62CD-42C4-98F1-F83650E5497D}.Debug|Any CPU.ActiveCfg = Debug|Any CPU
		{E8D83626-62CD-42C4-98F1-F83650E5497D}.Debug|Any CPU.Build.0 = Debug|Any CPU
		{E8D83626-62CD-42C4-98F1-F83650E5497D}.Release|Any CPU.ActiveCfg = Release|Any CPU
		{E8D83626-62CD-42C4-98F1-F83650E5497D}.Release|Any CPU.Build.0 = Release|Any CPU
	EndGlobalSection
	GlobalSection(SolutionProperties) = preSolution
		HideSolutionNode = FALSE
	EndGlobalSection
	GlobalSection(ExtensibilityGlobals) = postSolution
		SolutionGuid = {3C400F51-B79C-43AA-BECD-6119657EF1D5}
	EndGlobalSection
EndGlobal
